<?xml version="1.0" encoding="utf-8"?>
<Project ToolsVersion="4.0" xmlns="http://schemas.microsoft.com/developer/msbuild/2003">
  <ItemGroup>
    <ClCompile Include="main.cc" />
    <ClCompile Include="console_widget.cc" />
    <ClCompile Include="networking\connection.cc">
      <Filter>networking</Filter>
    </ClCompile>
    <ClCompile Include="terminal.cc" />
  </ItemGroup>
  <ItemGroup>
    <ClInclude Include="console_widget.h" />
    <ClInclude Include="networking\connection.h">
      <Filter>networking</Filter>
    </ClInclude>
  </ItemGroup>
  <ItemGroup>
    <Filter Include="networking">
      <UniqueIdentifier>{da374a46-7aef-46c8-8a59-c67115380ffd}</UniqueIdentifier>
    </Filter>
  </ItemGroup>
</Project>