<?xml version="1.0" encoding="utf-8"?>
<Project ToolsVersion="4.0" xmlns="http://schemas.microsoft.com/developer/msbuild/2003">
  <ItemGroup>
    <Filter Include="memory">
      <UniqueIdentifier>{29ef4f3f-762f-4fb0-8e4b-b20c8076f25b}</UniqueIdentifier>
    </Filter>
    <Filter Include="win32">
      <UniqueIdentifier>{f008c19b-1274-4cc2-8320-2d9bfad57c5a}</UniqueIdentifier>
    </Filter>
    <Filter Include="js">
      <UniqueIdentifier>{ee2da02a-d3c7-4f41-b8d2-c580d0a32fc4}</UniqueIdentifier>
    </Filter>
    <Filter Include="input">
      <UniqueIdentifier>{0401b396-4bd5-414c-ba79-dd2a9394e46c}</UniqueIdentifier>
    </Filter>
    <Filter Include="d3d11">
      <UniqueIdentifier>{9c9ba9f6-cc7b-499d-8c48-6c5804ab95a2}</UniqueIdentifier>
    </Filter>
    <Filter Include="d3d11\elements">
      <UniqueIdentifier>{5e58fa82-ee22-4e67-b7e0-00c4e92f211f}</UniqueIdentifier>
    </Filter>
    <Filter Include="content">
      <UniqueIdentifier>{63f74a0c-47f6-49dd-bcea-c9e9fd110c33}</UniqueIdentifier>
    </Filter>
    <Filter Include="console">
      <UniqueIdentifier>{7e96930c-4e4c-46f5-a98a-8af2c5db5b55}</UniqueIdentifier>
    </Filter>
    <Filter Include="fbx">
      <UniqueIdentifier>{a4f4d101-3b7a-4ed9-80d8-716b8a93d721}</UniqueIdentifier>
    </Filter>
    <Filter Include="io">
      <UniqueIdentifier>{fec9ed50-21bb-4b62-8316-71ec0bb42946}</UniqueIdentifier>
    </Filter>
    <Filter Include="freetype">
      <UniqueIdentifier>{45b2fca2-9ce1-402c-9cbe-549197bc42ea}</UniqueIdentifier>
    </Filter>
    <Filter Include="d3d11\shaders">
      <UniqueIdentifier>{f33ca619-e2f0-401e-a3ad-6b404294011f}</UniqueIdentifier>
    </Filter>
    <Filter Include="fmod">
      <UniqueIdentifier>{474bfb8f-7acb-416e-87cd-4fd32b9e2c24}</UniqueIdentifier>
    </Filter>
    <Filter Include="animation">
      <UniqueIdentifier>{847c67ba-17f1-4e0e-8a36-f35cd12bfedf}</UniqueIdentifier>
    </Filter>
  </ItemGroup>
  <ItemGroup>
    <ClCompile Include="game.cc" />
    <ClCompile Include="win32\win32_window.cc">
      <Filter>win32</Filter>
    </ClCompile>
    <ClCompile Include="memory\allocated_memory.cc">
      <Filter>memory</Filter>
    </ClCompile>
    <ClCompile Include="js\js_state_wrapper.cc">
      <Filter>js</Filter>
    </ClCompile>
    <ClCompile Include="input\keyboard.cc">
      <Filter>input</Filter>
    </ClCompile>
    <ClCompile Include="input\mouse.cc">
      <Filter>input</Filter>
    </ClCompile>
    <ClCompile Include="d3d11\d3d11_display_device.cc">
      <Filter>d3d11</Filter>
    </ClCompile>
    <ClCompile Include="d3d11\d3d11_camera.cc">
      <Filter>d3d11</Filter>
    </ClCompile>
    <ClCompile Include="js\js_wrapper.cc">
      <Filter>js</Filter>
    </ClCompile>
    <ClCompile Include="d3d11\elements\terrain_element.cc">
      <Filter>d3d11\elements</Filter>
    </ClCompile>
    <ClCompile Include="d3d11\elements\quad_element.cc">
      <Filter>d3d11\elements</Filter>
    </ClCompile>
    <ClCompile Include="win32\win32_file_watch.cc">
      <Filter>win32</Filter>
    </ClCompile>
    <ClCompile Include="d3d11\d3d11_texture.cc">
      <Filter>d3d11</Filter>
    </ClCompile>
    <ClCompile Include="d3d11\elements\billboard_element.cc">
      <Filter>d3d11\elements</Filter>
    </ClCompile>
    <ClCompile Include="content\content_manager.cc">
      <Filter>content</Filter>
    </ClCompile>
    <ClCompile Include="content\content.cc">
      <Filter>content</Filter>
    </ClCompile>
    <ClCompile Include="d3d11\d3d11_shader.cc">
      <Filter>d3d11</Filter>
    </ClCompile>
    <ClCompile Include="d3d11\d3d11_settings.cc">
      <Filter>d3d11</Filter>
    </ClCompile>
    <ClCompile Include="console\console_widget.cc">
      <Filter>console</Filter>
    </ClCompile>
    <ClCompile Include="console\moc_console_widget.cc">
      <Filter>console</Filter>
    </ClCompile>
    <ClCompile Include="console\console.cc">
      <Filter>console</Filter>
    </ClCompile>
    <ClCompile Include="d3d11\elements\widget_element.cc">
      <Filter>d3d11\elements</Filter>
    </ClCompile>
    <ClCompile Include="fbx\fbx_loader.cc">
      <Filter>fbx</Filter>
    </ClCompile>
    <ClCompile Include="fbx\fbx_model.cc">
      <Filter>fbx</Filter>
    </ClCompile>
    <ClCompile Include="d3d11\elements\mesh_element.cc">
      <Filter>d3d11\elements</Filter>
    </ClCompile>
    <ClCompile Include="d3d11\d3d11_line.cc">
      <Filter>d3d11</Filter>
    </ClCompile>
    <ClCompile Include="d3d11\elements\render_element.cc">
      <Filter>d3d11\elements</Filter>
    </ClCompile>
    <ClCompile Include="input\mouse_area.cc">
      <Filter>input</Filter>
    </ClCompile>
    <ClCompile Include="io\io_manager.cc">
      <Filter>io</Filter>
    </ClCompile>
    <ClCompile Include="freetype\freetype_font.cc">
      <Filter>freetype</Filter>
    </ClCompile>
    <ClCompile Include="freetype\freetype_font_atlas.cc">
      <Filter>freetype</Filter>
    </ClCompile>
    <ClCompile Include="freetype\freetype_font_manager.cc">
      <Filter>freetype</Filter>
    </ClCompile>
    <ClCompile Include="d3d11\elements\text_element.cc">
      <Filter>d3d11\elements</Filter>
    </ClCompile>
    <ClCompile Include="freetype\freetype_rich_text.cc">
      <Filter>freetype</Filter>
    </ClCompile>
    <ClCompile Include="d3d11\elements\polygon_element.cc">
      <Filter>d3d11\elements</Filter>
    </ClCompile>
    <ClCompile Include="d3d11\d3d11_post_processing.cc">
      <Filter>d3d11</Filter>
    </ClCompile>
    <ClCompile Include="fmod\fmod_sound_system.cc">
      <Filter>fmod</Filter>
    </ClCompile>
    <ClCompile Include="fmod\fmod_sound.cc">
      <Filter>fmod</Filter>
    </ClCompile>
    <ClCompile Include="d3d11\d3d11_render_target.cc">
      <Filter>d3d11</Filter>
    </ClCompile>
    <ClCompile Include="animation\sprite_animation.cc">
      <Filter>animation</Filter>
    </ClCompile>
  </ItemGroup>
  <ItemGroup>
    <ClInclude Include="game.h" />
    <ClInclude Include="logging.h" />
    <ClInclude Include="memory\shared_ptr.h">
      <Filter>memory</Filter>
    </ClInclude>
    <ClInclude Include="win32\win32_window.h">
      <Filter>win32</Filter>
    </ClInclude>
    <ClInclude Include="environment.h" />
    <ClInclude Include="memory\allocated_memory.h">
      <Filter>memory</Filter>
    </ClInclude>
    <ClInclude Include="js\js_state_wrapper.h">
      <Filter>js</Filter>
    </ClInclude>
    <ClInclude Include="js\js_object_register.h">
      <Filter>js</Filter>
    </ClInclude>
    <ClInclude Include="js\js_callback.h">
      <Filter>js</Filter>
    </ClInclude>
    <ClInclude Include="input\mouse.h">
      <Filter>input</Filter>
    </ClInclude>
    <ClInclude Include="input\keyboard.h">
      <Filter>input</Filter>
    </ClInclude>
    <ClInclude Include="input\key.h">
      <Filter>input</Filter>
    </ClInclude>
    <ClInclude Include="d3d11\d3d11_display_device.h">
      <Filter>d3d11</Filter>
    </ClInclude>
    <ClInclude Include="d3d11\d3d11_camera.h">
      <Filter>d3d11</Filter>
    </ClInclude>
    <ClInclude Include="js\js_wrapper.h">
      <Filter>js</Filter>
    </ClInclude>
    <ClInclude Include="d3d11\elements\terrain_element.h">
      <Filter>d3d11\elements</Filter>
    </ClInclude>
    <ClInclude Include="d3d11\elements\render_element.h">
      <Filter>d3d11\elements</Filter>
    </ClInclude>
    <ClInclude Include="d3d11\elements\quad_element.h">
      <Filter>d3d11\elements</Filter>
    </ClInclude>
    <ClInclude Include="win32\win32_file_watch.h">
      <Filter>win32</Filter>
    </ClInclude>
    <ClInclude Include="d3d11\d3d11_texture.h">
      <Filter>d3d11</Filter>
    </ClInclude>
    <ClInclude Include="d3d11\elements\billboard_element.h">
      <Filter>d3d11\elements</Filter>
    </ClInclude>
    <ClInclude Include="content\content.h">
      <Filter>content</Filter>
    </ClInclude>
    <ClInclude Include="d3d11\d3d11_shader.h">
      <Filter>d3d11</Filter>
    </ClInclude>
    <ClInclude Include="d3d11\d3d11_settings.h">
      <Filter>d3d11</Filter>
    </ClInclude>
    <ClInclude Include="console\console_widget.h">
      <Filter>console</Filter>
    </ClInclude>
    <ClInclude Include="console\console.h">
      <Filter>console</Filter>
    </ClInclude>
    <ClInclude Include="console\console_ui.h">
      <Filter>console</Filter>
    </ClInclude>
    <ClInclude Include="d3d11\elements\widget_element.h">
      <Filter>d3d11\elements</Filter>
    </ClInclude>
    <ClInclude Include="fbx\fbx_loader.h">
      <Filter>fbx</Filter>
    </ClInclude>
    <ClInclude Include="fbx\fbx_model.h">
      <Filter>fbx</Filter>
    </ClInclude>
    <ClInclude Include="d3d11\elements\mesh_element.h">
      <Filter>d3d11\elements</Filter>
    </ClInclude>
    <ClInclude Include="d3d11\d3d11_line.h">
      <Filter>d3d11</Filter>
    </ClInclude>
    <ClInclude Include="input\mouse_area.h">
      <Filter>input</Filter>
    </ClInclude>
    <ClInclude Include="content\content_manager.h">
      <Filter>d3d11\elements</Filter>
    </ClInclude>
    <ClInclude Include="io\io_manager.h">
      <Filter>io</Filter>
    </ClInclude>
    <ClInclude Include="freetype\freetype_font.h">
      <Filter>freetype</Filter>
    </ClInclude>
    <ClInclude Include="freetype\freetype_font_atlas.h">
      <Filter>freetype</Filter>
    </ClInclude>
    <ClInclude Include="freetype\freetype_font_manager.h">
      <Filter>freetype</Filter>
    </ClInclude>
    <ClInclude Include="d3d11\elements\text_element.h">
      <Filter>d3d11\elements</Filter>
    </ClInclude>
    <ClInclude Include="freetype\freetype_rich_text.h">
      <Filter>freetype</Filter>
    </ClInclude>
    <ClInclude Include="d3d11\elements\polygon_element.h">
      <Filter>d3d11\elements</Filter>
    </ClInclude>
    <ClInclude Include="d3d11\shaders\d3d11_base_shader.h">
      <Filter>d3d11\shaders</Filter>
    </ClInclude>
    <ClInclude Include="d3d11\shaders\d3d11_post_process_shader.h">
      <Filter>d3d11\shaders</Filter>
    </ClInclude>
    <ClInclude Include="d3d11\d3d11_post_processing.h">
      <Filter>d3d11</Filter>
    </ClInclude>
    <ClInclude Include="fmod\fmod_sound_system.h">
      <Filter>fmod</Filter>
    </ClInclude>
    <ClInclude Include="fmod\fmod_sound.h">
      <Filter>fmod</Filter>
    </ClInclude>
    <ClInclude Include="d3d11\d3d11_render_target.h">
      <Filter>d3d11</Filter>
    </ClInclude>
    <ClInclude Include="animation\sprite_animation.h">
      <Filter>animation</Filter>
    </ClInclude>
    <ClInclude Include="d3d11\shaders\d3d11_pre_multiplied_shader.h">
      <Filter>d3d11\shaders</Filter>
    </ClInclude>
    <ClInclude Include="d3d11\shaders\d3d11_text_shader.h">
      <Filter>d3d11\shaders</Filter>
    </ClInclude>
  </ItemGroup>
</Project>